// !$*UTF8*$!
{
	archiveVersion = 1;
	classes = {
	};
	objectVersion = 56;
	objects = {

/* Begin PBXBuildFile section */
		86422E882AF0A709008D1B4F /* GoogleSignIn in Frameworks */ = {isa = PBXBuildFile; productRef = 86422E872AF0A709008D1B4F /* GoogleSignIn */; };
		86422E8A2AF0A709008D1B4F /* GoogleSignInSwift in Frameworks */ = {isa = PBXBuildFile; productRef = 86422E892AF0A709008D1B4F /* GoogleSignInSwift */; };
		86422E8D2AF0A750008D1B4F /* FirebaseAnalytics in Frameworks */ = {isa = PBXBuildFile; productRef = 86422E8C2AF0A750008D1B4F /* FirebaseAnalytics */; };
		86422E8F2AF0A750008D1B4F /* FirebaseAnalyticsOnDeviceConversion in Frameworks */ = {isa = PBXBuildFile; productRef = 86422E8E2AF0A750008D1B4F /* FirebaseAnalyticsOnDeviceConversion */; };
		86422E912AF0A750008D1B4F /* FirebaseAnalyticsSwift in Frameworks */ = {isa = PBXBuildFile; productRef = 86422E902AF0A750008D1B4F /* FirebaseAnalyticsSwift */; };
		86422E932AF0A750008D1B4F /* FirebaseAnalyticsWithoutAdIdSupport in Frameworks */ = {isa = PBXBuildFile; productRef = 86422E922AF0A750008D1B4F /* FirebaseAnalyticsWithoutAdIdSupport */; };
		86422E952AF0A750008D1B4F /* FirebaseAppCheck in Frameworks */ = {isa = PBXBuildFile; productRef = 86422E942AF0A750008D1B4F /* FirebaseAppCheck */; };
		86422E972AF0A750008D1B4F /* FirebaseAppDistribution-Beta in Frameworks */ = {isa = PBXBuildFile; productRef = 86422E962AF0A750008D1B4F /* FirebaseAppDistribution-Beta */; };
		86422E992AF0A750008D1B4F /* FirebaseAuth in Frameworks */ = {isa = PBXBuildFile; productRef = 86422E982AF0A750008D1B4F /* FirebaseAuth */; };
		86422E9B2AF0A750008D1B4F /* FirebaseAuthCombine-Community in Frameworks */ = {isa = PBXBuildFile; productRef = 86422E9A2AF0A750008D1B4F /* FirebaseAuthCombine-Community */; };
		86422E9D2AF0A750008D1B4F /* FirebaseCrashlytics in Frameworks */ = {isa = PBXBuildFile; productRef = 86422E9C2AF0A750008D1B4F /* FirebaseCrashlytics */; };
		86422E9F2AF0A750008D1B4F /* FirebaseDatabase in Frameworks */ = {isa = PBXBuildFile; productRef = 86422E9E2AF0A750008D1B4F /* FirebaseDatabase */; };
		86422EA12AF0A750008D1B4F /* FirebaseDatabaseSwift in Frameworks */ = {isa = PBXBuildFile; productRef = 86422EA02AF0A750008D1B4F /* FirebaseDatabaseSwift */; };
		86422EA32AF0A750008D1B4F /* FirebaseDynamicLinks in Frameworks */ = {isa = PBXBuildFile; productRef = 86422EA22AF0A750008D1B4F /* FirebaseDynamicLinks */; };
		86422EA52AF0A750008D1B4F /* FirebaseFirestore in Frameworks */ = {isa = PBXBuildFile; productRef = 86422EA42AF0A750008D1B4F /* FirebaseFirestore */; };
		86422EA72AF0A750008D1B4F /* FirebaseFirestoreCombine-Community in Frameworks */ = {isa = PBXBuildFile; productRef = 86422EA62AF0A750008D1B4F /* FirebaseFirestoreCombine-Community */; };
		86422EA92AF0A750008D1B4F /* FirebaseFirestoreSwift in Frameworks */ = {isa = PBXBuildFile; productRef = 86422EA82AF0A750008D1B4F /* FirebaseFirestoreSwift */; };
		86422EAB2AF0A750008D1B4F /* FirebaseFunctions in Frameworks */ = {isa = PBXBuildFile; productRef = 86422EAA2AF0A750008D1B4F /* FirebaseFunctions */; };
		86422EAD2AF0A750008D1B4F /* FirebaseFunctionsCombine-Community in Frameworks */ = {isa = PBXBuildFile; productRef = 86422EAC2AF0A750008D1B4F /* FirebaseFunctionsCombine-Community */; };
		86422EAF2AF0A750008D1B4F /* FirebaseInAppMessaging-Beta in Frameworks */ = {isa = PBXBuildFile; productRef = 86422EAE2AF0A750008D1B4F /* FirebaseInAppMessaging-Beta */; };
		86422EB12AF0A750008D1B4F /* FirebaseInAppMessagingSwift-Beta in Frameworks */ = {isa = PBXBuildFile; productRef = 86422EB02AF0A750008D1B4F /* FirebaseInAppMessagingSwift-Beta */; };
		86422EB32AF0A750008D1B4F /* FirebaseInstallations in Frameworks */ = {isa = PBXBuildFile; productRef = 86422EB22AF0A750008D1B4F /* FirebaseInstallations */; };
		86422EB52AF0A750008D1B4F /* FirebaseMLModelDownloader in Frameworks */ = {isa = PBXBuildFile; productRef = 86422EB42AF0A750008D1B4F /* FirebaseMLModelDownloader */; };
		86422EB72AF0A750008D1B4F /* FirebaseMessaging in Frameworks */ = {isa = PBXBuildFile; productRef = 86422EB62AF0A750008D1B4F /* FirebaseMessaging */; };
		86422EB92AF0A750008D1B4F /* FirebasePerformance in Frameworks */ = {isa = PBXBuildFile; productRef = 86422EB82AF0A750008D1B4F /* FirebasePerformance */; };
		86422EBB2AF0A750008D1B4F /* FirebaseRemoteConfig in Frameworks */ = {isa = PBXBuildFile; productRef = 86422EBA2AF0A750008D1B4F /* FirebaseRemoteConfig */; };
		86422EBD2AF0A750008D1B4F /* FirebaseRemoteConfigSwift in Frameworks */ = {isa = PBXBuildFile; productRef = 86422EBC2AF0A750008D1B4F /* FirebaseRemoteConfigSwift */; };
		86422EBF2AF0A750008D1B4F /* FirebaseStorage in Frameworks */ = {isa = PBXBuildFile; productRef = 86422EBE2AF0A750008D1B4F /* FirebaseStorage */; };
		86422EC12AF0A750008D1B4F /* FirebaseStorageCombine-Community in Frameworks */ = {isa = PBXBuildFile; productRef = 86422EC02AF0A750008D1B4F /* FirebaseStorageCombine-Community */; };
		86422EC32AF0A81B008D1B4F /* AuthenticationViewModel.swift in Sources */ = {isa = PBXBuildFile; fileRef = 86422EC22AF0A81B008D1B4F /* AuthenticationViewModel.swift */; };
		86422EC52AF0AAB7008D1B4F /* GoogleSignInButtonModel.swift in Sources */ = {isa = PBXBuildFile; fileRef = 86422EC42AF0AAB7008D1B4F /* GoogleSignInButtonModel.swift */; };
		86422EC72AF0AAE8008D1B4F /* SignInView.swift in Sources */ = {isa = PBXBuildFile; fileRef = 86422EC62AF0AAE8008D1B4F /* SignInView.swift */; };
		86422EC92AF0AB85008D1B4F /* HomeView.swift in Sources */ = {isa = PBXBuildFile; fileRef = 86422EC82AF0AB85008D1B4F /* HomeView.swift */; };
		86422ECB2AF0ABC3008D1B4F /* SignInViewModel.swift in Sources */ = {isa = PBXBuildFile; fileRef = 86422ECA2AF0ABC3008D1B4F /* SignInViewModel.swift */; };
		86422ECD2AF0B229008D1B4F /* handleSignInButton.swift in Sources */ = {isa = PBXBuildFile; fileRef = 86422ECC2AF0B229008D1B4F /* handleSignInButton.swift */; };
		86A0217C2AF09067003D1D90 /* Level_HeadedApp.swift in Sources */ = {isa = PBXBuildFile; fileRef = 86A0217B2AF09067003D1D90 /* Level_HeadedApp.swift */; };
		86A0217E2AF09067003D1D90 /* ContentView.swift in Sources */ = {isa = PBXBuildFile; fileRef = 86A0217D2AF09067003D1D90 /* ContentView.swift */; };
		86A021802AF09069003D1D90 /* Assets.xcassets in Resources */ = {isa = PBXBuildFile; fileRef = 86A0217F2AF09069003D1D90 /* Assets.xcassets */; };
		86A021832AF09069003D1D90 /* Preview Assets.xcassets in Resources */ = {isa = PBXBuildFile; fileRef = 86A021822AF09069003D1D90 /* Preview Assets.xcassets */; };
		86A021BA2AF09599003D1D90 /* credentials.plist in Resources */ = {isa = PBXBuildFile; fileRef = 86A021B92AF09599003D1D90 /* credentials.plist */; };
		86A021BC2AF096C4003D1D90 /* GoogleService-Info.plist in Resources */ = {isa = PBXBuildFile; fileRef = 86A021BB2AF096C3003D1D90 /* GoogleService-Info.plist */; };
/* End PBXBuildFile section */

/* Begin PBXFileReference section */
		86422EC22AF0A81B008D1B4F /* AuthenticationViewModel.swift */ = {isa = PBXFileReference; lastKnownFileType = sourcecode.swift; path = AuthenticationViewModel.swift; sourceTree = "<group>"; };
		86422EC42AF0AAB7008D1B4F /* GoogleSignInButtonModel.swift */ = {isa = PBXFileReference; lastKnownFileType = sourcecode.swift; path = GoogleSignInButtonModel.swift; sourceTree = "<group>"; };
		86422EC62AF0AAE8008D1B4F /* SignInView.swift */ = {isa = PBXFileReference; lastKnownFileType = sourcecode.swift; path = SignInView.swift; sourceTree = "<group>"; };
		86422EC82AF0AB85008D1B4F /* HomeView.swift */ = {isa = PBXFileReference; lastKnownFileType = sourcecode.swift; path = HomeView.swift; sourceTree = "<group>"; };
		86422ECA2AF0ABC3008D1B4F /* SignInViewModel.swift */ = {isa = PBXFileReference; lastKnownFileType = sourcecode.swift; path = SignInViewModel.swift; sourceTree = "<group>"; };
		86422ECC2AF0B229008D1B4F /* handleSignInButton.swift */ = {isa = PBXFileReference; lastKnownFileType = sourcecode.swift; path = handleSignInButton.swift; sourceTree = "<group>"; };
		86A021782AF09067003D1D90 /* Level-Headed.app */ = {isa = PBXFileReference; explicitFileType = wrapper.application; includeInIndex = 0; path = "Level-Headed.app"; sourceTree = BUILT_PRODUCTS_DIR; };
		86A0217B2AF09067003D1D90 /* Level_HeadedApp.swift */ = {isa = PBXFileReference; lastKnownFileType = sourcecode.swift; path = Level_HeadedApp.swift; sourceTree = "<group>"; };
		86A0217D2AF09067003D1D90 /* ContentView.swift */ = {isa = PBXFileReference; lastKnownFileType = sourcecode.swift; path = ContentView.swift; sourceTree = "<group>"; };
		86A0217F2AF09069003D1D90 /* Assets.xcassets */ = {isa = PBXFileReference; lastKnownFileType = folder.assetcatalog; path = Assets.xcassets; sourceTree = "<group>"; };
		86A021822AF09069003D1D90 /* Preview Assets.xcassets */ = {isa = PBXFileReference; lastKnownFileType = folder.assetcatalog; path = "Preview Assets.xcassets"; sourceTree = "<group>"; };
		86A021B92AF09599003D1D90 /* credentials.plist */ = {isa = PBXFileReference; fileEncoding = 4; lastKnownFileType = text.plist.xml; path = credentials.plist; sourceTree = "<group>"; };
		86A021BB2AF096C3003D1D90 /* GoogleService-Info.plist */ = {isa = PBXFileReference; fileEncoding = 4; lastKnownFileType = text.plist.xml; path = "GoogleService-Info.plist"; sourceTree = "<group>"; };
		86A021BD2AF0977E003D1D90 /* Info.plist */ = {isa = PBXFileReference; lastKnownFileType = text.plist; path = Info.plist; sourceTree = "<group>"; };
/* End PBXFileReference section */

/* Begin PBXFrameworksBuildPhase section */
		86A021752AF09067003D1D90 /* Frameworks */ = {
			isa = PBXFrameworksBuildPhase;
			buildActionMask = 2147483647;
			files = (
				86422EB72AF0A750008D1B4F /* FirebaseMessaging in Frameworks */,
				86422E882AF0A709008D1B4F /* GoogleSignIn in Frameworks */,
				86422EA92AF0A750008D1B4F /* FirebaseFirestoreSwift in Frameworks */,
				86422E932AF0A750008D1B4F /* FirebaseAnalyticsWithoutAdIdSupport in Frameworks */,
				86422EAB2AF0A750008D1B4F /* FirebaseFunctions in Frameworks */,
				86422E8A2AF0A709008D1B4F /* GoogleSignInSwift in Frameworks */,
				86422E8D2AF0A750008D1B4F /* FirebaseAnalytics in Frameworks */,
				86422E992AF0A750008D1B4F /* FirebaseAuth in Frameworks */,
				86422EA32AF0A750008D1B4F /* FirebaseDynamicLinks in Frameworks */,
				86422E9D2AF0A750008D1B4F /* FirebaseCrashlytics in Frameworks */,
				86422EB52AF0A750008D1B4F /* FirebaseMLModelDownloader in Frameworks */,
				86422EA12AF0A750008D1B4F /* FirebaseDatabaseSwift in Frameworks */,
				86422EA52AF0A750008D1B4F /* FirebaseFirestore in Frameworks */,
				86422EB32AF0A750008D1B4F /* FirebaseInstallations in Frameworks */,
				86422EAD2AF0A750008D1B4F /* FirebaseFunctionsCombine-Community in Frameworks */,
				86422EA72AF0A750008D1B4F /* FirebaseFirestoreCombine-Community in Frameworks */,
				86422E9F2AF0A750008D1B4F /* FirebaseDatabase in Frameworks */,
				86422EB92AF0A750008D1B4F /* FirebasePerformance in Frameworks */,
				86422E952AF0A750008D1B4F /* FirebaseAppCheck in Frameworks */,
				86422E8F2AF0A750008D1B4F /* FirebaseAnalyticsOnDeviceConversion in Frameworks */,
				86422EB12AF0A750008D1B4F /* FirebaseInAppMessagingSwift-Beta in Frameworks */,
				86422EBD2AF0A750008D1B4F /* FirebaseRemoteConfigSwift in Frameworks */,
				86422E912AF0A750008D1B4F /* FirebaseAnalyticsSwift in Frameworks */,
				86422E972AF0A750008D1B4F /* FirebaseAppDistribution-Beta in Frameworks */,
				86422EBB2AF0A750008D1B4F /* FirebaseRemoteConfig in Frameworks */,
				86422EBF2AF0A750008D1B4F /* FirebaseStorage in Frameworks */,
				86422E9B2AF0A750008D1B4F /* FirebaseAuthCombine-Community in Frameworks */,
				86422EC12AF0A750008D1B4F /* FirebaseStorageCombine-Community in Frameworks */,
				86422EAF2AF0A750008D1B4F /* FirebaseInAppMessaging-Beta in Frameworks */,
			);
			runOnlyForDeploymentPostprocessing = 0;
		};
/* End PBXFrameworksBuildPhase section */

/* Begin PBXGroup section */
		86A0216F2AF09067003D1D90 = {
			isa = PBXGroup;
			children = (
				86422EC22AF0A81B008D1B4F /* AuthenticationViewModel.swift */,
				86A0217A2AF09067003D1D90 /* Level-Headed */,
				86A021792AF09067003D1D90 /* Products */,
			);
			sourceTree = "<group>";
		};
		86A021792AF09067003D1D90 /* Products */ = {
			isa = PBXGroup;
			children = (
				86A021782AF09067003D1D90 /* Level-Headed.app */,
			);
			name = Products;
			sourceTree = "<group>";
		};
		86A0217A2AF09067003D1D90 /* Level-Headed */ = {
			isa = PBXGroup;
			children = (
				86A021BD2AF0977E003D1D90 /* Info.plist */,
				86A0217B2AF09067003D1D90 /* Level_HeadedApp.swift */,
				86422EC42AF0AAB7008D1B4F /* GoogleSignInButtonModel.swift */,
				86422ECC2AF0B229008D1B4F /* handleSignInButton.swift */,
				86422EC62AF0AAE8008D1B4F /* SignInView.swift */,
				86A0217D2AF09067003D1D90 /* ContentView.swift */,
				86422ECA2AF0ABC3008D1B4F /* SignInViewModel.swift */,
				86422EC82AF0AB85008D1B4F /* HomeView.swift */,
				86A0217F2AF09069003D1D90 /* Assets.xcassets */,
				86A021812AF09069003D1D90 /* Preview Content */,
			);
			path = "Level-Headed";
			sourceTree = "<group>";
		};
		86A021812AF09069003D1D90 /* Preview Content */ = {
			isa = PBXGroup;
			children = (
				86A021B92AF09599003D1D90 /* credentials.plist */,
				86A021822AF09069003D1D90 /* Preview Assets.xcassets */,
				86A021BB2AF096C3003D1D90 /* GoogleService-Info.plist */,
			);
			path = "Preview Content";
			sourceTree = "<group>";
		};
/* End PBXGroup section */

/* Begin PBXNativeTarget section */
		86A021772AF09067003D1D90 /* Level-Headed */ = {
			isa = PBXNativeTarget;
			buildConfigurationList = 86A021862AF09069003D1D90 /* Build configuration list for PBXNativeTarget "Level-Headed" */;
			buildPhases = (
				86A021742AF09067003D1D90 /* Sources */,
				86A021752AF09067003D1D90 /* Frameworks */,
				86A021762AF09067003D1D90 /* Resources */,
			);
			buildRules = (
			);
			dependencies = (
			);
			name = "Level-Headed";
			packageProductDependencies = (
				86422E872AF0A709008D1B4F /* GoogleSignIn */,
				86422E892AF0A709008D1B4F /* GoogleSignInSwift */,
				86422E8C2AF0A750008D1B4F /* FirebaseAnalytics */,
				86422E8E2AF0A750008D1B4F /* FirebaseAnalyticsOnDeviceConversion */,
				86422E902AF0A750008D1B4F /* FirebaseAnalyticsSwift */,
				86422E922AF0A750008D1B4F /* FirebaseAnalyticsWithoutAdIdSupport */,
				86422E942AF0A750008D1B4F /* FirebaseAppCheck */,
				86422E962AF0A750008D1B4F /* FirebaseAppDistribution-Beta */,
				86422E982AF0A750008D1B4F /* FirebaseAuth */,
				86422E9A2AF0A750008D1B4F /* FirebaseAuthCombine-Community */,
				86422E9C2AF0A750008D1B4F /* FirebaseCrashlytics */,
				86422E9E2AF0A750008D1B4F /* FirebaseDatabase */,
				86422EA02AF0A750008D1B4F /* FirebaseDatabaseSwift */,
				86422EA22AF0A750008D1B4F /* FirebaseDynamicLinks */,
				86422EA42AF0A750008D1B4F /* FirebaseFirestore */,
				86422EA62AF0A750008D1B4F /* FirebaseFirestoreCombine-Community */,
				86422EA82AF0A750008D1B4F /* FirebaseFirestoreSwift */,
				86422EAA2AF0A750008D1B4F /* FirebaseFunctions */,
				86422EAC2AF0A750008D1B4F /* FirebaseFunctionsCombine-Community */,
				86422EAE2AF0A750008D1B4F /* FirebaseInAppMessaging-Beta */,
				86422EB02AF0A750008D1B4F /* FirebaseInAppMessagingSwift-Beta */,
				86422EB22AF0A750008D1B4F /* FirebaseInstallations */,
				86422EB42AF0A750008D1B4F /* FirebaseMLModelDownloader */,
				86422EB62AF0A750008D1B4F /* FirebaseMessaging */,
				86422EB82AF0A750008D1B4F /* FirebasePerformance */,
				86422EBA2AF0A750008D1B4F /* FirebaseRemoteConfig */,
				86422EBC2AF0A750008D1B4F /* FirebaseRemoteConfigSwift */,
				86422EBE2AF0A750008D1B4F /* FirebaseStorage */,
				86422EC02AF0A750008D1B4F /* FirebaseStorageCombine-Community */,
			);
			productName = "Level-Headed";
			productReference = 86A021782AF09067003D1D90 /* Level-Headed.app */;
			productType = "com.apple.product-type.application";
		};
/* End PBXNativeTarget section */

/* Begin PBXProject section */
		86A021702AF09067003D1D90 /* Project object */ = {
			isa = PBXProject;
			attributes = {
				BuildIndependentTargetsInParallel = 1;
				LastSwiftUpdateCheck = 1500;
				LastUpgradeCheck = 1500;
				TargetAttributes = {
					86A021772AF09067003D1D90 = {
						CreatedOnToolsVersion = 15.0.1;
					};
				};
			};
			buildConfigurationList = 86A021732AF09067003D1D90 /* Build configuration list for PBXProject "Level-Headed" */;
			compatibilityVersion = "Xcode 14.0";
			developmentRegion = en;
			hasScannedForEncodings = 0;
			knownRegions = (
				en,
				Base,
			);
			mainGroup = 86A0216F2AF09067003D1D90;
			packageReferences = (
				86422E862AF0A709008D1B4F /* XCRemoteSwiftPackageReference "GoogleSignIn-iOS" */,
				86422E8B2AF0A750008D1B4F /* XCRemoteSwiftPackageReference "firebase-ios-sdk" */,
			);
			productRefGroup = 86A021792AF09067003D1D90 /* Products */;
			projectDirPath = "";
			projectRoot = "";
			targets = (
				86A021772AF09067003D1D90 /* Level-Headed */,
			);
		};
/* End PBXProject section */

/* Begin PBXResourcesBuildPhase section */
		86A021762AF09067003D1D90 /* Resources */ = {
			isa = PBXResourcesBuildPhase;
			buildActionMask = 2147483647;
			files = (
				86A021832AF09069003D1D90 /* Preview Assets.xcassets in Resources */,
				86A021BC2AF096C4003D1D90 /* GoogleService-Info.plist in Resources */,
				86A021BA2AF09599003D1D90 /* credentials.plist in Resources */,
				86A021802AF09069003D1D90 /* Assets.xcassets in Resources */,
			);
			runOnlyForDeploymentPostprocessing = 0;
		};
/* End PBXResourcesBuildPhase section */

/* Begin PBXSourcesBuildPhase section */
		86A021742AF09067003D1D90 /* Sources */ = {
			isa = PBXSourcesBuildPhase;
			buildActionMask = 2147483647;
			files = (
				86A0217E2AF09067003D1D90 /* ContentView.swift in Sources */,
				86422ECB2AF0ABC3008D1B4F /* SignInViewModel.swift in Sources */,
				86A0217C2AF09067003D1D90 /* Level_HeadedApp.swift in Sources */,
				86422ECD2AF0B229008D1B4F /* handleSignInButton.swift in Sources */,
				86422EC32AF0A81B008D1B4F /* AuthenticationViewModel.swift in Sources */,
				86422EC92AF0AB85008D1B4F /* HomeView.swift in Sources */,
				86422EC52AF0AAB7008D1B4F /* GoogleSignInButtonModel.swift in Sources */,
				86422EC72AF0AAE8008D1B4F /* SignInView.swift in Sources */,
			);
			runOnlyForDeploymentPostprocessing = 0;
		};
/* End PBXSourcesBuildPhase section */

/* Begin XCBuildConfiguration section */
		86A021842AF09069003D1D90 /* Debug */ = {
			isa = XCBuildConfiguration;
			buildSettings = {
				ALWAYS_SEARCH_USER_PATHS = NO;
				ASSETCATALOG_COMPILER_GENERATE_SWIFT_ASSET_SYMBOL_EXTENSIONS = YES;
				CLANG_ANALYZER_NONNULL = YES;
				CLANG_ANALYZER_NUMBER_OBJECT_CONVERSION = YES_AGGRESSIVE;
				CLANG_CXX_LANGUAGE_STANDARD = "gnu++20";
				CLANG_ENABLE_MODULES = YES;
				CLANG_ENABLE_OBJC_ARC = YES;
				CLANG_ENABLE_OBJC_WEAK = YES;
				CLANG_WARN_BLOCK_CAPTURE_AUTORELEASING = YES;
				CLANG_WARN_BOOL_CONVERSION = YES;
				CLANG_WARN_COMMA = YES;
				CLANG_WARN_CONSTANT_CONVERSION = YES;
				CLANG_WARN_DEPRECATED_OBJC_IMPLEMENTATIONS = YES;
				CLANG_WARN_DIRECT_OBJC_ISA_USAGE = YES_ERROR;
				CLANG_WARN_DOCUMENTATION_COMMENTS = YES;
				CLANG_WARN_EMPTY_BODY = YES;
				CLANG_WARN_ENUM_CONVERSION = YES;
				CLANG_WARN_INFINITE_RECURSION = YES;
				CLANG_WARN_INT_CONVERSION = YES;
				CLANG_WARN_NON_LITERAL_NULL_CONVERSION = YES;
				CLANG_WARN_OBJC_IMPLICIT_RETAIN_SELF = YES;
				CLANG_WARN_OBJC_LITERAL_CONVERSION = YES;
				CLANG_WARN_OBJC_ROOT_CLASS = YES_ERROR;
				CLANG_WARN_QUOTED_INCLUDE_IN_FRAMEWORK_HEADER = YES;
				CLANG_WARN_RANGE_LOOP_ANALYSIS = YES;
				CLANG_WARN_STRICT_PROTOTYPES = YES;
				CLANG_WARN_SUSPICIOUS_MOVE = YES;
				CLANG_WARN_UNGUARDED_AVAILABILITY = YES_AGGRESSIVE;
				CLANG_WARN_UNREACHABLE_CODE = YES;
				CLANG_WARN__DUPLICATE_METHOD_MATCH = YES;
				COPY_PHASE_STRIP = NO;
				DEBUG_INFORMATION_FORMAT = dwarf;
				ENABLE_STRICT_OBJC_MSGSEND = YES;
				ENABLE_TESTABILITY = YES;
				ENABLE_USER_SCRIPT_SANDBOXING = YES;
				GCC_C_LANGUAGE_STANDARD = gnu17;
				GCC_DYNAMIC_NO_PIC = NO;
				GCC_NO_COMMON_BLOCKS = YES;
				GCC_OPTIMIZATION_LEVEL = 0;
				GCC_PREPROCESSOR_DEFINITIONS = (
					"DEBUG=1",
					"$(inherited)",
				);
				GCC_WARN_64_TO_32_BIT_CONVERSION = YES;
				GCC_WARN_ABOUT_RETURN_TYPE = YES_ERROR;
				GCC_WARN_UNDECLARED_SELECTOR = YES;
				GCC_WARN_UNINITIALIZED_AUTOS = YES_AGGRESSIVE;
				GCC_WARN_UNUSED_FUNCTION = YES;
				GCC_WARN_UNUSED_VARIABLE = YES;
				IPHONEOS_DEPLOYMENT_TARGET = 17.0;
				LOCALIZATION_PREFERS_STRING_CATALOGS = YES;
				MTL_ENABLE_DEBUG_INFO = INCLUDE_SOURCE;
				MTL_FAST_MATH = YES;
				ONLY_ACTIVE_ARCH = YES;
				SDKROOT = iphoneos;
				SWIFT_ACTIVE_COMPILATION_CONDITIONS = "DEBUG $(inherited)";
				SWIFT_OPTIMIZATION_LEVEL = "-Onone";
			};
			name = Debug;
		};
		86A021852AF09069003D1D90 /* Release */ = {
			isa = XCBuildConfiguration;
			buildSettings = {
				ALWAYS_SEARCH_USER_PATHS = NO;
				ASSETCATALOG_COMPILER_GENERATE_SWIFT_ASSET_SYMBOL_EXTENSIONS = YES;
				CLANG_ANALYZER_NONNULL = YES;
				CLANG_ANALYZER_NUMBER_OBJECT_CONVERSION = YES_AGGRESSIVE;
				CLANG_CXX_LANGUAGE_STANDARD = "gnu++20";
				CLANG_ENABLE_MODULES = YES;
				CLANG_ENABLE_OBJC_ARC = YES;
				CLANG_ENABLE_OBJC_WEAK = YES;
				CLANG_WARN_BLOCK_CAPTURE_AUTORELEASING = YES;
				CLANG_WARN_BOOL_CONVERSION = YES;
				CLANG_WARN_COMMA = YES;
				CLANG_WARN_CONSTANT_CONVERSION = YES;
				CLANG_WARN_DEPRECATED_OBJC_IMPLEMENTATIONS = YES;
				CLANG_WARN_DIRECT_OBJC_ISA_USAGE = YES_ERROR;
				CLANG_WARN_DOCUMENTATION_COMMENTS = YES;
				CLANG_WARN_EMPTY_BODY = YES;
				CLANG_WARN_ENUM_CONVERSION = YES;
				CLANG_WARN_INFINITE_RECURSION = YES;
				CLANG_WARN_INT_CONVERSION = YES;
				CLANG_WARN_NON_LITERAL_NULL_CONVERSION = YES;
				CLANG_WARN_OBJC_IMPLICIT_RETAIN_SELF = YES;
				CLANG_WARN_OBJC_LITERAL_CONVERSION = YES;
				CLANG_WARN_OBJC_ROOT_CLASS = YES_ERROR;
				CLANG_WARN_QUOTED_INCLUDE_IN_FRAMEWORK_HEADER = YES;
				CLANG_WARN_RANGE_LOOP_ANALYSIS = YES;
				CLANG_WARN_STRICT_PROTOTYPES = YES;
				CLANG_WARN_SUSPICIOUS_MOVE = YES;
				CLANG_WARN_UNGUARDED_AVAILABILITY = YES_AGGRESSIVE;
				CLANG_WARN_UNREACHABLE_CODE = YES;
				CLANG_WARN__DUPLICATE_METHOD_MATCH = YES;
				COPY_PHASE_STRIP = NO;
				DEBUG_INFORMATION_FORMAT = "dwarf-with-dsym";
				ENABLE_NS_ASSERTIONS = NO;
				ENABLE_STRICT_OBJC_MSGSEND = YES;
				ENABLE_USER_SCRIPT_SANDBOXING = YES;
				GCC_C_LANGUAGE_STANDARD = gnu17;
				GCC_NO_COMMON_BLOCKS = YES;
				GCC_WARN_64_TO_32_BIT_CONVERSION = YES;
				GCC_WARN_ABOUT_RETURN_TYPE = YES_ERROR;
				GCC_WARN_UNDECLARED_SELECTOR = YES;
				GCC_WARN_UNINITIALIZED_AUTOS = YES_AGGRESSIVE;
				GCC_WARN_UNUSED_FUNCTION = YES;
				GCC_WARN_UNUSED_VARIABLE = YES;
				IPHONEOS_DEPLOYMENT_TARGET = 17.0;
				LOCALIZATION_PREFERS_STRING_CATALOGS = YES;
				MTL_ENABLE_DEBUG_INFO = NO;
				MTL_FAST_MATH = YES;
				SDKROOT = iphoneos;
				SWIFT_COMPILATION_MODE = wholemodule;
				VALIDATE_PRODUCT = YES;
			};
			name = Release;
		};
		86A021872AF09069003D1D90 /* Debug */ = {
			isa = XCBuildConfiguration;
			buildSettings = {
				ASSETCATALOG_COMPILER_APPICON_NAME = AppIcon;
				ASSETCATALOG_COMPILER_GLOBAL_ACCENT_COLOR_NAME = AccentColor;
				CODE_SIGN_STYLE = Automatic;
				CURRENT_PROJECT_VERSION = 1;
				DEVELOPMENT_ASSET_PATHS = "\"Level-Headed/Preview Content\"";
				DEVELOPMENT_TEAM = 4R8K9GGVN5;
				ENABLE_PREVIEWS = YES;
				GENERATE_INFOPLIST_FILE = YES;
				INFOPLIST_FILE = "Level-Headed/Info.plist";
				INFOPLIST_KEY_UIApplicationSceneManifest_Generation = YES;
				INFOPLIST_KEY_UIApplicationSupportsIndirectInputEvents = YES;
				INFOPLIST_KEY_UILaunchScreen_Generation = YES;
				INFOPLIST_KEY_UISupportedInterfaceOrientations_iPad = "UIInterfaceOrientationPortrait UIInterfaceOrientationPortraitUpsideDown UIInterfaceOrientationLandscapeLeft UIInterfaceOrientationLandscapeRight";
				INFOPLIST_KEY_UISupportedInterfaceOrientations_iPhone = "UIInterfaceOrientationPortrait UIInterfaceOrientationLandscapeLeft UIInterfaceOrientationLandscapeRight";
				LD_RUNPATH_SEARCH_PATHS = (
					"$(inherited)",
					"@executable_path/Frameworks",
				);
				MARKETING_VERSION = 1.0;
				PRODUCT_BUNDLE_IDENTIFIER = "iMonkOS.Level-Headed";
				PRODUCT_NAME = "$(TARGET_NAME)";
				SWIFT_EMIT_LOC_STRINGS = YES;
				SWIFT_VERSION = 5.0;
				TARGETED_DEVICE_FAMILY = "1,2";
			};
			name = Debug;
		};
		86A021882AF09069003D1D90 /* Release */ = {
			isa = XCBuildConfiguration;
			buildSettings = {
				ASSETCATALOG_COMPILER_APPICON_NAME = AppIcon;
				ASSETCATALOG_COMPILER_GLOBAL_ACCENT_COLOR_NAME = AccentColor;
				CODE_SIGN_STYLE = Automatic;
				CURRENT_PROJECT_VERSION = 1;
				DEVELOPMENT_ASSET_PATHS = "\"Level-Headed/Preview Content\"";
				DEVELOPMENT_TEAM = 4R8K9GGVN5;
				ENABLE_PREVIEWS = YES;
				GENERATE_INFOPLIST_FILE = YES;
				INFOPLIST_FILE = "Level-Headed/Info.plist";
				INFOPLIST_KEY_UIApplicationSceneManifest_Generation = YES;
				INFOPLIST_KEY_UIApplicationSupportsIndirectInputEvents = YES;
				INFOPLIST_KEY_UILaunchScreen_Generation = YES;
				INFOPLIST_KEY_UISupportedInterfaceOrientations_iPad = "UIInterfaceOrientationPortrait UIInterfaceOrientationPortraitUpsideDown UIInterfaceOrientationLandscapeLeft UIInterfaceOrientationLandscapeRight";
				INFOPLIST_KEY_UISupportedInterfaceOrientations_iPhone = "UIInterfaceOrientationPortrait UIInterfaceOrientationLandscapeLeft UIInterfaceOrientationLandscapeRight";
				LD_RUNPATH_SEARCH_PATHS = (
					"$(inherited)",
					"@executable_path/Frameworks",
				);
				MARKETING_VERSION = 1.0;
				PRODUCT_BUNDLE_IDENTIFIER = "iMonkOS.Level-Headed";
				PRODUCT_NAME = "$(TARGET_NAME)";
				SWIFT_EMIT_LOC_STRINGS = YES;
				SWIFT_VERSION = 5.0;
				TARGETED_DEVICE_FAMILY = "1,2";
			};
			name = Release;
		};
/* End XCBuildConfiguration section */

/* Begin XCConfigurationList section */
		86A021732AF09067003D1D90 /* Build configuration list for PBXProject "Level-Headed" */ = {
			isa = XCConfigurationList;
			buildConfigurations = (
				86A021842AF09069003D1D90 /* Debug */,
				86A021852AF09069003D1D90 /* Release */,
			);
			defaultConfigurationIsVisible = 0;
			defaultConfigurationName = Release;
		};
		86A021862AF09069003D1D90 /* Build configuration list for PBXNativeTarget "Level-Headed" */ = {
			isa = XCConfigurationList;
			buildConfigurations = (
				86A021872AF09069003D1D90 /* Debug */,
				86A021882AF09069003D1D90 /* Release */,
			);
			defaultConfigurationIsVisible = 0;
			defaultConfigurationName = Release;
		};
/* End XCConfigurationList section */

/* Begin XCRemoteSwiftPackageReference section */
		86422E862AF0A709008D1B4F /* XCRemoteSwiftPackageReference "GoogleSignIn-iOS" */ = {
			isa = XCRemoteSwiftPackageReference;
			repositoryURL = "https://github.com/google/GoogleSignIn-iOS";
			requirement = {
				kind = upToNextMajorVersion;
				minimumVersion = 7.0.0;
			};
		};
		86422E8B2AF0A750008D1B4F /* XCRemoteSwiftPackageReference "firebase-ios-sdk" */ = {
			isa = XCRemoteSwiftPackageReference;
			repositoryURL = "https://github.com/firebase/firebase-ios-sdk";
			requirement = {
				kind = upToNextMajorVersion;
				minimumVersion = 10.17.0;
			};
		};
/* End XCRemoteSwiftPackageReference section */

/* Begin XCSwiftPackageProductDependency section */
		86422E872AF0A709008D1B4F /* GoogleSignIn */ = {
			isa = XCSwiftPackageProductDependency;
			package = 86422E862AF0A709008D1B4F /* XCRemoteSwiftPackageReference "GoogleSignIn-iOS" */;
			productName = GoogleSignIn;
		};
		86422E892AF0A709008D1B4F /* GoogleSignInSwift */ = {
			isa = XCSwiftPackageProductDependency;
			package = 86422E862AF0A709008D1B4F /* XCRemoteSwiftPackageReference "GoogleSignIn-iOS" */;
			productName = GoogleSignInSwift;
		};
		86422E8C2AF0A750008D1B4F /* FirebaseAnalytics */ = {
			isa = XCSwiftPackageProductDependency;
			package = 86422E8B2AF0A750008D1B4F /* XCRemoteSwiftPackageReference "firebase-ios-sdk" */;
			productName = FirebaseAnalytics;
		};
		86422E8E2AF0A750008D1B4F /* FirebaseAnalyticsOnDeviceConversion */ = {
			isa = XCSwiftPackageProductDependency;
			package = 86422E8B2AF0A750008D1B4F /* XCRemoteSwiftPackageReference "firebase-ios-sdk" */;
			productName = FirebaseAnalyticsOnDeviceConversion;
		};
		86422E902AF0A750008D1B4F /* FirebaseAnalyticsSwift */ = {
			isa = XCSwiftPackageProductDependency;
			package = 86422E8B2AF0A750008D1B4F /* XCRemoteSwiftPackageReference "firebase-ios-sdk" */;
			productName = FirebaseAnalyticsSwift;
		};
		86422E922AF0A750008D1B4F /* FirebaseAnalyticsWithoutAdIdSupport */ = {
			isa = XCSwiftPackageProductDependency;
			package = 86422E8B2AF0A750008D1B4F /* XCRemoteSwiftPackageReference "firebase-ios-sdk" */;
			productName = FirebaseAnalyticsWithoutAdIdSupport;
		};
		86422E942AF0A750008D1B4F /* FirebaseAppCheck */ = {
			isa = XCSwiftPackageProductDependency;
			package = 86422E8B2AF0A750008D1B4F /* XCRemoteSwiftPackageReference "firebase-ios-sdk" */;
			productName = FirebaseAppCheck;
		};
		86422E962AF0A750008D1B4F /* FirebaseAppDistribution-Beta */ = {
			isa = XCSwiftPackageProductDependency;
			package = 86422E8B2AF0A750008D1B4F /* XCRemoteSwiftPackageReference "firebase-ios-sdk" */;
			productName = "FirebaseAppDistribution-Beta";
		};
		86422E982AF0A750008D1B4F /* FirebaseAuth */ = {
			isa = XCSwiftPackageProductDependency;
			package = 86422E8B2AF0A750008D1B4F /* XCRemoteSwiftPackageReference "firebase-ios-sdk" */;
			productName = FirebaseAuth;
		};
		86422E9A2AF0A750008D1B4F /* FirebaseAuthCombine-Community */ = {
			isa = XCSwiftPackageProductDependency;
			package = 86422E8B2AF0A750008D1B4F /* XCRemoteSwiftPackageReference "firebase-ios-sdk" */;
			productName = "FirebaseAuthCombine-Community";
		};
		86422E9C2AF0A750008D1B4F /* FirebaseCrashlytics */ = {
			isa = XCSwiftPackageProductDependency;
			package = 86422E8B2AF0A750008D1B4F /* XCRemoteSwiftPackageReference "firebase-ios-sdk" */;
			productName = FirebaseCrashlytics;
		};
		86422E9E2AF0A750008D1B4F /* FirebaseDatabase */ = {
			isa = XCSwiftPackageProductDependency;
			package = 86422E8B2AF0A750008D1B4F /* XCRemoteSwiftPackageReference "firebase-ios-sdk" */;
			productName = FirebaseDatabase;
		};
		86422EA02AF0A750008D1B4F /* FirebaseDatabaseSwift */ = {
			isa = XCSwiftPackageProductDependency;
			package = 86422E8B2AF0A750008D1B4F /* XCRemoteSwiftPackageReference "firebase-ios-sdk" */;
			productName = FirebaseDatabaseSwift;
		};
		86422EA22AF0A750008D1B4F /* FirebaseDynamicLinks */ = {
			isa = XCSwiftPackageProductDependency;
			package = 86422E8B2AF0A750008D1B4F /* XCRemoteSwiftPackageReference "firebase-ios-sdk" */;
			productName = FirebaseDynamicLinks;
		};
		86422EA42AF0A750008D1B4F /* FirebaseFirestore */ = {
			isa = XCSwiftPackageProductDependency;
			package = 86422E8B2AF0A750008D1B4F /* XCRemoteSwiftPackageReference "firebase-ios-sdk" */;
			productName = FirebaseFirestore;
		};
		86422EA62AF0A750008D1B4F /* FirebaseFirestoreCombine-Community */ = {
			isa = XCSwiftPackageProductDependency;
			package = 86422E8B2AF0A750008D1B4F /* XCRemoteSwiftPackageReference "firebase-ios-sdk" */;
			productName = "FirebaseFirestoreCombine-Community";
		};
		86422EA82AF0A750008D1B4F /* FirebaseFirestoreSwift */ = {
			isa = XCSwiftPackageProductDependency;
			package = 86422E8B2AF0A750008D1B4F /* XCRemoteSwiftPackageReference "firebase-ios-sdk" */;
			productName = FirebaseFirestoreSwift;
		};
		86422EAA2AF0A750008D1B4F /* FirebaseFunctions */ = {
			isa = XCSwiftPackageProductDependency;
			package = 86422E8B2AF0A750008D1B4F /* XCRemoteSwiftPackageReference "firebase-ios-sdk" */;
			productName = FirebaseFunctions;
		};
		86422EAC2AF0A750008D1B4F /* FirebaseFunctionsCombine-Community */ = {
			isa = XCSwiftPackageProductDependency;
			package = 86422E8B2AF0A750008D1B4F /* XCRemoteSwiftPackageReference "firebase-ios-sdk" */;
			productName = "FirebaseFunctionsCombine-Community";
		};
		86422EAE2AF0A750008D1B4F /* FirebaseInAppMessaging-Beta */ = {
			isa = XCSwiftPackageProductDependency;
			package = 86422E8B2AF0A750008D1B4F /* XCRemoteSwiftPackageReference "firebase-ios-sdk" */;
			productName = "FirebaseInAppMessaging-Beta";
		};
		86422EB02AF0A750008D1B4F /* FirebaseInAppMessagingSwift-Beta */ = {
			isa = XCSwiftPackageProductDependency;
			package = 86422E8B2AF0A750008D1B4F /* XCRemoteSwiftPackageReference "firebase-ios-sdk" */;
			productName = "FirebaseInAppMessagingSwift-Beta";
		};
		86422EB22AF0A750008D1B4F /* FirebaseInstallations */ = {
			isa = XCSwiftPackageProductDependency;
			package = 86422E8B2AF0A750008D1B4F /* XCRemoteSwiftPackageReference "firebase-ios-sdk" */;
			productName = FirebaseInstallations;
		};
		86422EB42AF0A750008D1B4F /* FirebaseMLModelDownloader */ = {
			isa = XCSwiftPackageProductDependency;
			package = 86422E8B2AF0A750008D1B4F /* XCRemoteSwiftPackageReference "firebase-ios-sdk" */;
			productName = FirebaseMLModelDownloader;
		};
		86422EB62AF0A750008D1B4F /* FirebaseMessaging */ = {
			isa = XCSwiftPackageProductDependency;
			package = 86422E8B2AF0A750008D1B4F /* XCRemoteSwiftPackageReference "firebase-ios-sdk" */;
			productName = FirebaseMessaging;
		};
		86422EB82AF0A750008D1B4F /* FirebasePerformance */ = {
			isa = XCSwiftPackageProductDependency;
			package = 86422E8B2AF0A750008D1B4F /* XCRemoteSwiftPackageReference "firebase-ios-sdk" */;
			productName = FirebasePerformance;
		};
		86422EBA2AF0A750008D1B4F /* FirebaseRemoteConfig */ = {
			isa = XCSwiftPackageProductDependency;
			package = 86422E8B2AF0A750008D1B4F /* XCRemoteSwiftPackageReference "firebase-ios-sdk" */;
			productName = FirebaseRemoteConfig;
		};
		86422EBC2AF0A750008D1B4F /* FirebaseRemoteConfigSwift */ = {
			isa = XCSwiftPackageProductDependency;
			package = 86422E8B2AF0A750008D1B4F /* XCRemoteSwiftPackageReference "firebase-ios-sdk" */;
			productName = FirebaseRemoteConfigSwift;
		};
		86422EBE2AF0A750008D1B4F /* FirebaseStorage */ = {
			isa = XCSwiftPackageProductDependency;
			package = 86422E8B2AF0A750008D1B4F /* XCRemoteSwiftPackageReference "firebase-ios-sdk" */;
			productName = FirebaseStorage;
		};
		86422EC02AF0A750008D1B4F /* FirebaseStorageCombine-Community */ = {
			isa = XCSwiftPackageProductDependency;
			package = 86422E8B2AF0A750008D1B4F /* XCRemoteSwiftPackageReference "firebase-ios-sdk" */;
			productName = "FirebaseStorageCombine-Community";
		};
/* End XCSwiftPackageProductDependency section */
	};
	rootObject = 86A021702AF09067003D1D90 /* Project object */;
}
